// !$*UTF8*$!
{
	archiveVersion = 1;
	classes = {
	};
	objectVersion = 46;
	objects = {

/* Begin PBXBuildFile section */
		8A84707B177C7FA300FF1513 /* AppKit.framework in Frameworks */ = {isa = PBXBuildFile; fileRef = 8A84707A177C7FA300FF1513 /* AppKit.framework */; };
		8A84707D177C7FA300FF1513 /* Foundation.framework in Frameworks */ = {isa = PBXBuildFile; fileRef = 8A84707C177C7FA300FF1513 /* Foundation.framework */; };
		8A847083177C7FA300FF1513 /* InfoPlist.strings in Resources */ = {isa = PBXBuildFile; fileRef = 8A847081177C7FA300FF1513 /* InfoPlist.strings */; };
		8A847086177C7FA300FF1513 /* Attica.m in Sources */ = {isa = PBXBuildFile; fileRef = 8A847085177C7FA300FF1513 /* Attica.m */; };
		8A84708E177C7FFB00FF1513 /* MainWindow.xib in Resources */ = {isa = PBXBuildFile; fileRef = 8A84708D177C7FFB00FF1513 /* MainWindow.xib */; };
		8A847092177C8F1C00FF1513 /* ATCSnippet.m in Sources */ = {isa = PBXBuildFile; fileRef = 8A847091177C8F1C00FF1513 /* ATCSnippet.m */; };
		8A847096177C962F00FF1513 /* snippet@2x.png in Resources */ = {isa = PBXBuildFile; fileRef = 8A847094177C962F00FF1513 /* snippet@2x.png */; };
		8A847097177C962F00FF1513 /* snippet.png in Resources */ = {isa = PBXBuildFile; fileRef = 8A847095177C962F00FF1513 /* snippet.png */; };
		8A84709A177C99FB00FF1513 /* ATCWindowController.m in Sources */ = {isa = PBXBuildFile; fileRef = 8A847099177C99FB00FF1513 /* ATCWindowController.m */; };
		8A84709E177C9BBF00FF1513 /* ATCSnippetManager.m in Sources */ = {isa = PBXBuildFile; fileRef = 8A84709D177C9BBF00FF1513 /* ATCSnippetManager.m */; };
/* End PBXBuildFile section */

/* Begin PBXFileReference section */
		8A847077177C7FA300FF1513 /* Attica.xcplugin */ = {isa = PBXFileReference; explicitFileType = wrapper.cfbundle; includeInIndex = 0; path = Attica.xcplugin; sourceTree = BUILT_PRODUCTS_DIR; };
		8A84707A177C7FA300FF1513 /* AppKit.framework */ = {isa = PBXFileReference; lastKnownFileType = wrapper.framework; name = AppKit.framework; path = System/Library/Frameworks/AppKit.framework; sourceTree = SDKROOT; };
		8A84707C177C7FA300FF1513 /* Foundation.framework */ = {isa = PBXFileReference; lastKnownFileType = wrapper.framework; name = Foundation.framework; path = System/Library/Frameworks/Foundation.framework; sourceTree = SDKROOT; };
		8A847080177C7FA300FF1513 /* Attica-Info.plist */ = {isa = PBXFileReference; lastKnownFileType = text.plist.xml; path = "Attica-Info.plist"; sourceTree = "<group>"; };
		8A847082177C7FA300FF1513 /* en */ = {isa = PBXFileReference; lastKnownFileType = text.plist.strings; name = en; path = en.lproj/InfoPlist.strings; sourceTree = "<group>"; };
		8A847084177C7FA300FF1513 /* Attica.h */ = {isa = PBXFileReference; lastKnownFileType = sourcecode.c.h; path = Attica.h; sourceTree = "<group>"; };
		8A847085177C7FA300FF1513 /* Attica.m */ = {isa = PBXFileReference; lastKnownFileType = sourcecode.c.objc; path = Attica.m; sourceTree = "<group>"; };
		8A847087177C7FA300FF1513 /* Attica-Prefix.pch */ = {isa = PBXFileReference; lastKnownFileType = sourcecode.c.h; path = "Attica-Prefix.pch"; sourceTree = "<group>"; };
		8A84708D177C7FFB00FF1513 /* MainWindow.xib */ = {isa = PBXFileReference; fileEncoding = 4; lastKnownFileType = file.xib; path = MainWindow.xib; sourceTree = "<group>"; };
		8A847090177C8F1C00FF1513 /* ATCSnippet.h */ = {isa = PBXFileReference; fileEncoding = 4; lastKnownFileType = sourcecode.c.h; path = ATCSnippet.h; sourceTree = "<group>"; };
		8A847091177C8F1C00FF1513 /* ATCSnippet.m */ = {isa = PBXFileReference; fileEncoding = 4; lastKnownFileType = sourcecode.c.objc; path = ATCSnippet.m; sourceTree = "<group>"; };
		8A847094177C962F00FF1513 /* snippet@2x.png */ = {isa = PBXFileReference; lastKnownFileType = image.png; path = "snippet@2x.png"; sourceTree = "<group>"; };
		8A847095177C962F00FF1513 /* snippet.png */ = {isa = PBXFileReference; lastKnownFileType = image.png; path = snippet.png; sourceTree = "<group>"; };
		8A847098177C99FB00FF1513 /* ATCWindowController.h */ = {isa = PBXFileReference; fileEncoding = 4; lastKnownFileType = sourcecode.c.h; name = ATCWindowController.h; path = Controllers/ATCWindowController.h; sourceTree = "<group>"; };
		8A847099177C99FB00FF1513 /* ATCWindowController.m */ = {isa = PBXFileReference; fileEncoding = 4; lastKnownFileType = sourcecode.c.objc; name = ATCWindowController.m; path = Controllers/ATCWindowController.m; sourceTree = "<group>"; };
		8A84709C177C9BBF00FF1513 /* ATCSnippetManager.h */ = {isa = PBXFileReference; fileEncoding = 4; lastKnownFileType = sourcecode.c.h; name = ATCSnippetManager.h; path = Controllers/ATCSnippetManager.h; sourceTree = "<group>"; };
		8A84709D177C9BBF00FF1513 /* ATCSnippetManager.m */ = {isa = PBXFileReference; fileEncoding = 4; lastKnownFileType = sourcecode.c.objc; name = ATCSnippetManager.m; path = Controllers/ATCSnippetManager.m; sourceTree = "<group>"; };
/* End PBXFileReference section */

/* Begin PBXFrameworksBuildPhase section */
		8A847074177C7FA300FF1513 /* Frameworks */ = {
			isa = PBXFrameworksBuildPhase;
			buildActionMask = 2147483647;
			files = (
				8A84707B177C7FA300FF1513 /* AppKit.framework in Frameworks */,
				8A84707D177C7FA300FF1513 /* Foundation.framework in Frameworks */,
			);
			runOnlyForDeploymentPostprocessing = 0;
		};
/* End PBXFrameworksBuildPhase section */

/* Begin PBXGroup section */
		8A84706E177C7FA300FF1513 = {
			isa = PBXGroup;
			children = (
				8A84707E177C7FA300FF1513 /* Attica */,
				8A847079177C7FA300FF1513 /* Frameworks */,
				8A847078177C7FA300FF1513 /* Products */,
			);
			sourceTree = "<group>";
		};
		8A847078177C7FA300FF1513 /* Products */ = {
			isa = PBXGroup;
			children = (
				8A847077177C7FA300FF1513 /* Attica.xcplugin */,
			);
			name = Products;
			sourceTree = "<group>";
		};
		8A847079177C7FA300FF1513 /* Frameworks */ = {
			isa = PBXGroup;
			children = (
				8A84707A177C7FA300FF1513 /* AppKit.framework */,
				8A84707C177C7FA300FF1513 /* Foundation.framework */,
			);
			name = Frameworks;
			sourceTree = "<group>";
		};
		8A84707E177C7FA300FF1513 /* Attica */ = {
			isa = PBXGroup;
			children = (
				8A84709B177C99FF00FF1513 /* Controllers */,
				8A847093177C958300FF1513 /* Assets */,
				8A84708F177C8F0200FF1513 /* Models */,
				8A847084177C7FA300FF1513 /* Attica.h */,
				8A847085177C7FA300FF1513 /* Attica.m */,
				8A84708D177C7FFB00FF1513 /* MainWindow.xib */,
				8A84707F177C7FA300FF1513 /* Supporting Files */,
			);
			path = Attica;
			sourceTree = "<group>";
		};
		8A84707F177C7FA300FF1513 /* Supporting Files */ = {
			isa = PBXGroup;
			children = (
				8A847080177C7FA300FF1513 /* Attica-Info.plist */,
				8A847081177C7FA300FF1513 /* InfoPlist.strings */,
				8A847087177C7FA300FF1513 /* Attica-Prefix.pch */,
			);
			name = "Supporting Files";
			sourceTree = "<group>";
		};
		8A84708F177C8F0200FF1513 /* Models */ = {
			isa = PBXGroup;
			children = (
				8A847090177C8F1C00FF1513 /* ATCSnippet.h */,
				8A847091177C8F1C00FF1513 /* ATCSnippet.m */,
			);
			name = Models;
			sourceTree = "<group>";
		};
		8A847093177C958300FF1513 /* Assets */ = {
			isa = PBXGroup;
			children = (
				8A847094177C962F00FF1513 /* snippet@2x.png */,
				8A847095177C962F00FF1513 /* snippet.png */,
			);
			name = Assets;
			sourceTree = "<group>";
		};
		8A84709B177C99FF00FF1513 /* Controllers */ = {
			isa = PBXGroup;
			children = (
				8A847098177C99FB00FF1513 /* ATCWindowController.h */,
				8A847099177C99FB00FF1513 /* ATCWindowController.m */,
				8A84709C177C9BBF00FF1513 /* ATCSnippetManager.h */,
				8A84709D177C9BBF00FF1513 /* ATCSnippetManager.m */,
			);
			name = Controllers;
			sourceTree = "<group>";
		};
/* End PBXGroup section */

/* Begin PBXNativeTarget section */
		8A847076177C7FA300FF1513 /* Attica */ = {
			isa = PBXNativeTarget;
			buildConfigurationList = 8A84708A177C7FA300FF1513 /* Build configuration list for PBXNativeTarget "Attica" */;
			buildPhases = (
				8A847073177C7FA300FF1513 /* Sources */,
				8A847074177C7FA300FF1513 /* Frameworks */,
				8A847075177C7FA300FF1513 /* Resources */,
			);
			buildRules = (
			);
			dependencies = (
			);
			name = Attica;
			productName = Attica;
			productReference = 8A847077177C7FA300FF1513 /* Attica.xcplugin */;
			productType = "com.apple.product-type.bundle";
		};
/* End PBXNativeTarget section */

/* Begin PBXProject section */
		8A84706F177C7FA300FF1513 /* Project object */ = {
			isa = PBXProject;
			attributes = {
				LastUpgradeCheck = 0460;
				ORGANIZATIONNAME = "Delisa Mason";
			};
			buildConfigurationList = 8A847072177C7FA300FF1513 /* Build configuration list for PBXProject "Attica" */;
			compatibilityVersion = "Xcode 3.2";
			developmentRegion = English;
			hasScannedForEncodings = 0;
			knownRegions = (
				en,
			);
			mainGroup = 8A84706E177C7FA300FF1513;
			productRefGroup = 8A847078177C7FA300FF1513 /* Products */;
			projectDirPath = "";
			projectRoot = "";
			targets = (
				8A847076177C7FA300FF1513 /* Attica */,
			);
		};
/* End PBXProject section */

/* Begin PBXResourcesBuildPhase section */
		8A847075177C7FA300FF1513 /* Resources */ = {
			isa = PBXResourcesBuildPhase;
			buildActionMask = 2147483647;
			files = (
				8A847083177C7FA300FF1513 /* InfoPlist.strings in Resources */,
				8A84708E177C7FFB00FF1513 /* MainWindow.xib in Resources */,
				8A847096177C962F00FF1513 /* snippet@2x.png in Resources */,
				8A847097177C962F00FF1513 /* snippet.png in Resources */,
			);
			runOnlyForDeploymentPostprocessing = 0;
		};
/* End PBXResourcesBuildPhase section */

/* Begin PBXSourcesBuildPhase section */
		8A847073177C7FA300FF1513 /* Sources */ = {
			isa = PBXSourcesBuildPhase;
			buildActionMask = 2147483647;
			files = (
				8A847086177C7FA300FF1513 /* Attica.m in Sources */,
				8A847092177C8F1C00FF1513 /* ATCSnippet.m in Sources */,
				8A84709A177C99FB00FF1513 /* ATCWindowController.m in Sources */,
				8A84709E177C9BBF00FF1513 /* ATCSnippetManager.m in Sources */,
			);
			runOnlyForDeploymentPostprocessing = 0;
		};
/* End PBXSourcesBuildPhase section */

/* Begin PBXVariantGroup section */
		8A847081177C7FA300FF1513 /* InfoPlist.strings */ = {
			isa = PBXVariantGroup;
			children = (
				8A847082177C7FA300FF1513 /* en */,
			);
			name = InfoPlist.strings;
			sourceTree = "<group>";
		};
/* End PBXVariantGroup section */

/* Begin XCBuildConfiguration section */
		8A847088177C7FA300FF1513 /* Debug */ = {
			isa = XCBuildConfiguration;
			buildSettings = {
				ALWAYS_SEARCH_USER_PATHS = NO;
				ARCHS = "$(ARCHS_STANDARD_64_BIT)";
				CLANG_CXX_LANGUAGE_STANDARD = "gnu++0x";
				CLANG_CXX_LIBRARY = "libc++";
				CLANG_WARN_CONSTANT_CONVERSION = YES;
				CLANG_WARN_EMPTY_BODY = YES;
				CLANG_WARN_ENUM_CONVERSION = YES;
				CLANG_WARN_INT_CONVERSION = YES;
				CLANG_WARN__DUPLICATE_METHOD_MATCH = YES;
				COPY_PHASE_STRIP = NO;
				GCC_C_LANGUAGE_STANDARD = gnu99;
				GCC_DYNAMIC_NO_PIC = NO;
				GCC_ENABLE_OBJC_EXCEPTIONS = YES;
				GCC_OPTIMIZATION_LEVEL = 0;
				GCC_PREPROCESSOR_DEFINITIONS = (
					"DEBUG=1",
					"$(inherited)",
				);
				GCC_SYMBOLS_PRIVATE_EXTERN = NO;
				GCC_WARN_64_TO_32_BIT_CONVERSION = YES;
				GCC_WARN_ABOUT_RETURN_TYPE = YES;
				GCC_WARN_UNINITIALIZED_AUTOS = YES;
				GCC_WARN_UNUSED_VARIABLE = YES;
				MACOSX_DEPLOYMENT_TARGET = 10.8;
				ONLY_ACTIVE_ARCH = YES;
				SDKROOT = macosx;
			};
			name = Debug;
		};
		8A847089177C7FA300FF1513 /* Release */ = {
			isa = XCBuildConfiguration;
			buildSettings = {
				ALWAYS_SEARCH_USER_PATHS = NO;
				ARCHS = "$(ARCHS_STANDARD_64_BIT)";
				CLANG_CXX_LANGUAGE_STANDARD = "gnu++0x";
				CLANG_CXX_LIBRARY = "libc++";
				CLANG_WARN_CONSTANT_CONVERSION = YES;
				CLANG_WARN_EMPTY_BODY = YES;
				CLANG_WARN_ENUM_CONVERSION = YES;
				CLANG_WARN_INT_CONVERSION = YES;
				CLANG_WARN__DUPLICATE_METHOD_MATCH = YES;
				COPY_PHASE_STRIP = YES;
				DEBUG_INFORMATION_FORMAT = "dwarf-with-dsym";
				GCC_C_LANGUAGE_STANDARD = gnu99;
				GCC_ENABLE_OBJC_EXCEPTIONS = YES;
				GCC_WARN_64_TO_32_BIT_CONVERSION = YES;
				GCC_WARN_ABOUT_RETURN_TYPE = YES;
				GCC_WARN_UNINITIALIZED_AUTOS = YES;
				GCC_WARN_UNUSED_VARIABLE = YES;
				MACOSX_DEPLOYMENT_TARGET = 10.8;
				SDKROOT = macosx;
			};
			name = Release;
		};
		8A84708B177C7FA300FF1513 /* Debug */ = {
			isa = XCBuildConfiguration;
			buildSettings = {
				CLANG_ENABLE_OBJC_ARC = YES;
				COMBINE_HIDPI_IMAGES = YES;
				DEPLOYMENT_LOCATION = YES;
				DSTROOT = "$(HOME)";
				GCC_PRECOMPILE_PREFIX_HEADER = YES;
				GCC_PREFIX_HEADER = "Attica/Attica-Prefix.pch";
				INFOPLIST_FILE = "Attica/Attica-Info.plist";
				INSTALL_PATH = "/Library/Application Support/Developer/Shared/Xcode/Plug-ins";
				PRODUCT_NAME = "$(TARGET_NAME)";
				WRAPPER_EXTENSION = xcplugin;
			};
			name = Debug;
		};
		8A84708C177C7FA300FF1513 /* Release */ = {
			isa = XCBuildConfiguration;
			buildSettings = {
				CLANG_ENABLE_OBJC_ARC = YES;
				COMBINE_HIDPI_IMAGES = YES;
				DEPLOYMENT_LOCATION = YES;
				DSTROOT = "$(HOME)";
				GCC_PRECOMPILE_PREFIX_HEADER = YES;
				GCC_PREFIX_HEADER = "Attica/Attica-Prefix.pch";
				INFOPLIST_FILE = "Attica/Attica-Info.plist";
				INSTALL_PATH = "/Library/Application Support/Developer/Shared/Xcode/Plug-ins";
				PRODUCT_NAME = "$(TARGET_NAME)";
				WRAPPER_EXTENSION = xcplugin;
			};
			name = Release;
		};
/* End XCBuildConfiguration section */

/* Begin XCConfigurationList section */
		8A847072177C7FA300FF1513 /* Build configuration list for PBXProject "Attica" */ = {
			isa = XCConfigurationList;
			buildConfigurations = (
				8A847088177C7FA300FF1513 /* Debug */,
				8A847089177C7FA300FF1513 /* Release */,
			);
			defaultConfigurationIsVisible = 0;
			defaultConfigurationName = Release;
		};
		8A84708A177C7FA300FF1513 /* Build configuration list for PBXNativeTarget "Attica" */ = {
			isa = XCConfigurationList;
			buildConfigurations = (
				8A84708B177C7FA300FF1513 /* Debug */,
				8A84708C177C7FA300FF1513 /* Release */,
			);
			defaultConfigurationIsVisible = 0;
		};
/* End XCConfigurationList section */
	};
	rootObject = 8A84706F177C7FA300FF1513 /* Project object */;
}
